// !$*UTF8*$!
{
	archiveVersion = 1;
	classes = {
	};
	objectVersion = 56;
	objects = {

/* Begin PBXBuildFile section */
		53095B67295F20FA0092FDFA /* AppDelegate.swift in Sources */ = {isa = PBXBuildFile; fileRef = 53095B66295F20FA0092FDFA /* AppDelegate.swift */; };
		53095B69295F20FA0092FDFA /* SceneDelegate.swift in Sources */ = {isa = PBXBuildFile; fileRef = 53095B68295F20FA0092FDFA /* SceneDelegate.swift */; };
		53095B70295F21020092FDFA /* Assets.xcassets in Resources */ = {isa = PBXBuildFile; fileRef = 53095B6F295F21020092FDFA /* Assets.xcassets */; };
		53095B73295F21020092FDFA /* LaunchScreen.storyboard in Resources */ = {isa = PBXBuildFile; fileRef = 53095B71295F21020092FDFA /* LaunchScreen.storyboard */; };
		53DE5994295F523F00DE0B6A /* MapPresenter.swift in Sources */ = {isa = PBXBuildFile; fileRef = 53DE598D295F523F00DE0B6A /* MapPresenter.swift */; };
		53DE5995295F523F00DE0B6A /* MapLocalDataManager.swift in Sources */ = {isa = PBXBuildFile; fileRef = 53DE598E295F523F00DE0B6A /* MapLocalDataManager.swift */; };
		53DE5996295F523F00DE0B6A /* MapProtocols.swift in Sources */ = {isa = PBXBuildFile; fileRef = 53DE598F295F523F00DE0B6A /* MapProtocols.swift */; };
		53DE5997295F523F00DE0B6A /* MapInteractor.swift in Sources */ = {isa = PBXBuildFile; fileRef = 53DE5990295F523F00DE0B6A /* MapInteractor.swift */; };
		53DE5998295F523F00DE0B6A /* MapView.swift in Sources */ = {isa = PBXBuildFile; fileRef = 53DE5991295F523F00DE0B6A /* MapView.swift */; };
		53DE5999295F523F00DE0B6A /* MapRemoteDataManager.swift in Sources */ = {isa = PBXBuildFile; fileRef = 53DE5992295F523F00DE0B6A /* MapRemoteDataManager.swift */; };
		53DE599A295F523F00DE0B6A /* MapWireFrame.swift in Sources */ = {isa = PBXBuildFile; fileRef = 53DE5993295F523F00DE0B6A /* MapWireFrame.swift */; };
		53FA20692965A66900BBCD4C /* AnnotationView.swift in Sources */ = {isa = PBXBuildFile; fileRef = 53FA20682965A66900BBCD4C /* AnnotationView.swift */; };
		53FA207229660BE100BBCD4C /* CreateAnnotationPresenter.swift in Sources */ = {isa = PBXBuildFile; fileRef = 53FA206B29660BE100BBCD4C /* CreateAnnotationPresenter.swift */; };
		53FA207329660BE100BBCD4C /* CreateAnnotationLocalDataManager.swift in Sources */ = {isa = PBXBuildFile; fileRef = 53FA206C29660BE100BBCD4C /* CreateAnnotationLocalDataManager.swift */; };
		53FA207429660BE100BBCD4C /* CreateAnnotationProtocols.swift in Sources */ = {isa = PBXBuildFile; fileRef = 53FA206D29660BE100BBCD4C /* CreateAnnotationProtocols.swift */; };
		53FA207529660BE100BBCD4C /* CreateAnnotationInteractor.swift in Sources */ = {isa = PBXBuildFile; fileRef = 53FA206E29660BE100BBCD4C /* CreateAnnotationInteractor.swift */; };
		53FA207629660BE100BBCD4C /* CreateAnnotationView.swift in Sources */ = {isa = PBXBuildFile; fileRef = 53FA206F29660BE100BBCD4C /* CreateAnnotationView.swift */; };
		53FA207729660BE100BBCD4C /* CreateAnnotationRemoteDataManager.swift in Sources */ = {isa = PBXBuildFile; fileRef = 53FA207029660BE100BBCD4C /* CreateAnnotationRemoteDataManager.swift */; };
		53FA207829660BE100BBCD4C /* CreateAnnotationWireFrame.swift in Sources */ = {isa = PBXBuildFile; fileRef = 53FA207129660BE100BBCD4C /* CreateAnnotationWireFrame.swift */; };
		53FA207A2966357F00BBCD4C /* Extensions.swift in Sources */ = {isa = PBXBuildFile; fileRef = 53FA20792966357F00BBCD4C /* Extensions.swift */; };
/* End PBXBuildFile section */

/* Begin PBXFileReference section */
		53095B63295F20F90092FDFA /* Geo Pinner.app */ = {isa = PBXFileReference; explicitFileType = wrapper.application; includeInIndex = 0; path = "Geo Pinner.app"; sourceTree = BUILT_PRODUCTS_DIR; };
		53095B66295F20FA0092FDFA /* AppDelegate.swift */ = {isa = PBXFileReference; lastKnownFileType = sourcecode.swift; path = AppDelegate.swift; sourceTree = "<group>"; };
		53095B68295F20FA0092FDFA /* SceneDelegate.swift */ = {isa = PBXFileReference; lastKnownFileType = sourcecode.swift; path = SceneDelegate.swift; sourceTree = "<group>"; };
		53095B6F295F21020092FDFA /* Assets.xcassets */ = {isa = PBXFileReference; lastKnownFileType = folder.assetcatalog; path = Assets.xcassets; sourceTree = "<group>"; };
		53095B72295F21020092FDFA /* Base */ = {isa = PBXFileReference; lastKnownFileType = file.storyboard; name = Base; path = Base.lproj/LaunchScreen.storyboard; sourceTree = "<group>"; };
		53095B74295F21020092FDFA /* Info.plist */ = {isa = PBXFileReference; lastKnownFileType = text.plist.xml; path = Info.plist; sourceTree = "<group>"; };
		53DE598D295F523F00DE0B6A /* MapPresenter.swift */ = {isa = PBXFileReference; lastKnownFileType = sourcecode.swift; path = MapPresenter.swift; sourceTree = "<group>"; };
		53DE598E295F523F00DE0B6A /* MapLocalDataManager.swift */ = {isa = PBXFileReference; lastKnownFileType = sourcecode.swift; path = MapLocalDataManager.swift; sourceTree = "<group>"; };
		53DE598F295F523F00DE0B6A /* MapProtocols.swift */ = {isa = PBXFileReference; lastKnownFileType = sourcecode.swift; path = MapProtocols.swift; sourceTree = "<group>"; };
		53DE5990295F523F00DE0B6A /* MapInteractor.swift */ = {isa = PBXFileReference; lastKnownFileType = sourcecode.swift; path = MapInteractor.swift; sourceTree = "<group>"; };
		53DE5991295F523F00DE0B6A /* MapView.swift */ = {isa = PBXFileReference; lastKnownFileType = sourcecode.swift; path = MapView.swift; sourceTree = "<group>"; };
		53DE5992295F523F00DE0B6A /* MapRemoteDataManager.swift */ = {isa = PBXFileReference; lastKnownFileType = sourcecode.swift; path = MapRemoteDataManager.swift; sourceTree = "<group>"; };
		53DE5993295F523F00DE0B6A /* MapWireFrame.swift */ = {isa = PBXFileReference; lastKnownFileType = sourcecode.swift; path = MapWireFrame.swift; sourceTree = "<group>"; };
		53FA20682965A66900BBCD4C /* AnnotationView.swift */ = {isa = PBXFileReference; lastKnownFileType = sourcecode.swift; path = AnnotationView.swift; sourceTree = "<group>"; };
		53FA206B29660BE100BBCD4C /* CreateAnnotationPresenter.swift */ = {isa = PBXFileReference; lastKnownFileType = sourcecode.swift; path = CreateAnnotationPresenter.swift; sourceTree = "<group>"; };
		53FA206C29660BE100BBCD4C /* CreateAnnotationLocalDataManager.swift */ = {isa = PBXFileReference; lastKnownFileType = sourcecode.swift; path = CreateAnnotationLocalDataManager.swift; sourceTree = "<group>"; };
		53FA206D29660BE100BBCD4C /* CreateAnnotationProtocols.swift */ = {isa = PBXFileReference; lastKnownFileType = sourcecode.swift; path = CreateAnnotationProtocols.swift; sourceTree = "<group>"; };
		53FA206E29660BE100BBCD4C /* CreateAnnotationInteractor.swift */ = {isa = PBXFileReference; lastKnownFileType = sourcecode.swift; path = CreateAnnotationInteractor.swift; sourceTree = "<group>"; };
		53FA206F29660BE100BBCD4C /* CreateAnnotationView.swift */ = {isa = PBXFileReference; lastKnownFileType = sourcecode.swift; path = CreateAnnotationView.swift; sourceTree = "<group>"; };
		53FA207029660BE100BBCD4C /* CreateAnnotationRemoteDataManager.swift */ = {isa = PBXFileReference; lastKnownFileType = sourcecode.swift; path = CreateAnnotationRemoteDataManager.swift; sourceTree = "<group>"; };
		53FA207129660BE100BBCD4C /* CreateAnnotationWireFrame.swift */ = {isa = PBXFileReference; lastKnownFileType = sourcecode.swift; path = CreateAnnotationWireFrame.swift; sourceTree = "<group>"; };
		53FA20792966357F00BBCD4C /* Extensions.swift */ = {isa = PBXFileReference; lastKnownFileType = sourcecode.swift; path = Extensions.swift; sourceTree = "<group>"; };
/* End PBXFileReference section */

/* Begin PBXFrameworksBuildPhase section */
		53095B60295F20F90092FDFA /* Frameworks */ = {
			isa = PBXFrameworksBuildPhase;
			buildActionMask = 2147483647;
			files = (
			);
			runOnlyForDeploymentPostprocessing = 0;
		};
/* End PBXFrameworksBuildPhase section */

/* Begin PBXGroup section */
		53095B5A295F20F90092FDFA = {
			isa = PBXGroup;
			children = (
				53095B65295F20FA0092FDFA /* Geo Pinner */,
				53095B64295F20F90092FDFA /* Products */,
			);
			sourceTree = "<group>";
		};
		53095B64295F20F90092FDFA /* Products */ = {
			isa = PBXGroup;
			children = (
				53095B63295F20F90092FDFA /* Geo Pinner.app */,
			);
			name = Products;
			sourceTree = "<group>";
		};
		53095B65295F20FA0092FDFA /* Geo Pinner */ = {
			isa = PBXGroup;
			children = (
				53095B66295F20FA0092FDFA /* AppDelegate.swift */,
				53095B68295F20FA0092FDFA /* SceneDelegate.swift */,
				53FA20792966357F00BBCD4C /* Extensions.swift */,
				53DE599B295F525100DE0B6A /* Map */,
				53FA206A29660BA800BBCD4C /* CreateAnnotation */,
				53095B6F295F21020092FDFA /* Assets.xcassets */,
				53095B71295F21020092FDFA /* LaunchScreen.storyboard */,
				53095B74295F21020092FDFA /* Info.plist */,
			);
			path = "Geo Pinner";
			sourceTree = "<group>";
		};
		53DE599B295F525100DE0B6A /* Map */ = {
			isa = PBXGroup;
			children = (
				53DE598D295F523F00DE0B6A /* MapPresenter.swift */,
				53DE598E295F523F00DE0B6A /* MapLocalDataManager.swift */,
				53DE598F295F523F00DE0B6A /* MapProtocols.swift */,
				53DE5990295F523F00DE0B6A /* MapInteractor.swift */,
				53DE5991295F523F00DE0B6A /* MapView.swift */,
				53DE5992295F523F00DE0B6A /* MapRemoteDataManager.swift */,
				53DE5993295F523F00DE0B6A /* MapWireFrame.swift */,
				53FA20682965A66900BBCD4C /* AnnotationView.swift */,
			);
			path = Map;
			sourceTree = "<group>";
		};
		53FA206A29660BA800BBCD4C /* CreateAnnotation */ = {
			isa = PBXGroup;
			children = (
				53FA206B29660BE100BBCD4C /* CreateAnnotationPresenter.swift */,
				53FA206C29660BE100BBCD4C /* CreateAnnotationLocalDataManager.swift */,
				53FA206D29660BE100BBCD4C /* CreateAnnotationProtocols.swift */,
				53FA206E29660BE100BBCD4C /* CreateAnnotationInteractor.swift */,
				53FA206F29660BE100BBCD4C /* CreateAnnotationView.swift */,
				53FA207029660BE100BBCD4C /* CreateAnnotationRemoteDataManager.swift */,
				53FA207129660BE100BBCD4C /* CreateAnnotationWireFrame.swift */,
			);
			path = CreateAnnotation;
			sourceTree = "<group>";
		};
/* End PBXGroup section */

/* Begin PBXNativeTarget section */
		53095B62295F20F90092FDFA /* Geo Pinner */ = {
			isa = PBXNativeTarget;
			buildConfigurationList = 53095B77295F21020092FDFA /* Build configuration list for PBXNativeTarget "Geo Pinner" */;
			buildPhases = (
				53095B5F295F20F90092FDFA /* Sources */,
				53095B60295F20F90092FDFA /* Frameworks */,
				53095B61295F20F90092FDFA /* Resources */,
			);
			buildRules = (
			);
			dependencies = (
			);
			name = "Geo Pinner";
			productName = "Geo Pinner";
			productReference = 53095B63295F20F90092FDFA /* Geo Pinner.app */;
			productType = "com.apple.product-type.application";
		};
/* End PBXNativeTarget section */

/* Begin PBXProject section */
		53095B5B295F20F90092FDFA /* Project object */ = {
			isa = PBXProject;
			attributes = {
				BuildIndependentTargetsInParallel = 1;
				LastSwiftUpdateCheck = 1420;
				LastUpgradeCheck = 1420;
				TargetAttributes = {
					53095B62295F20F90092FDFA = {
						CreatedOnToolsVersion = 14.2;
					};
				};
			};
			buildConfigurationList = 53095B5E295F20F90092FDFA /* Build configuration list for PBXProject "Geo Pinner" */;
			compatibilityVersion = "Xcode 14.0";
			developmentRegion = en;
			hasScannedForEncodings = 0;
			knownRegions = (
				en,
				Base,
			);
			mainGroup = 53095B5A295F20F90092FDFA;
			productRefGroup = 53095B64295F20F90092FDFA /* Products */;
			projectDirPath = "";
			projectRoot = "";
			targets = (
				53095B62295F20F90092FDFA /* Geo Pinner */,
			);
		};
/* End PBXProject section */

/* Begin PBXResourcesBuildPhase section */
		53095B61295F20F90092FDFA /* Resources */ = {
			isa = PBXResourcesBuildPhase;
			buildActionMask = 2147483647;
			files = (
				53095B73295F21020092FDFA /* LaunchScreen.storyboard in Resources */,
				53095B70295F21020092FDFA /* Assets.xcassets in Resources */,
			);
			runOnlyForDeploymentPostprocessing = 0;
		};
/* End PBXResourcesBuildPhase section */

/* Begin PBXSourcesBuildPhase section */
		53095B5F295F20F90092FDFA /* Sources */ = {
			isa = PBXSourcesBuildPhase;
			buildActionMask = 2147483647;
			files = (
				53DE5998295F523F00DE0B6A /* MapView.swift in Sources */,
				53FA207A2966357F00BBCD4C /* Extensions.swift in Sources */,
				53095B67295F20FA0092FDFA /* AppDelegate.swift in Sources */,
				53FA207729660BE100BBCD4C /* CreateAnnotationRemoteDataManager.swift in Sources */,
				53FA207829660BE100BBCD4C /* CreateAnnotationWireFrame.swift in Sources */,
				53095B69295F20FA0092FDFA /* SceneDelegate.swift in Sources */,
				53DE5996295F523F00DE0B6A /* MapProtocols.swift in Sources */,
				53DE5999295F523F00DE0B6A /* MapRemoteDataManager.swift in Sources */,
				53FA207229660BE100BBCD4C /* CreateAnnotationPresenter.swift in Sources */,
				53DE599A295F523F00DE0B6A /* MapWireFrame.swift in Sources */,
				53DE5997295F523F00DE0B6A /* MapInteractor.swift in Sources */,
				53FA207629660BE100BBCD4C /* CreateAnnotationView.swift in Sources */,
				53FA207529660BE100BBCD4C /* CreateAnnotationInteractor.swift in Sources */,
				53FA207429660BE100BBCD4C /* CreateAnnotationProtocols.swift in Sources */,
				53FA207329660BE100BBCD4C /* CreateAnnotationLocalDataManager.swift in Sources */,
				53FA20692965A66900BBCD4C /* AnnotationView.swift in Sources */,
				53DE5995295F523F00DE0B6A /* MapLocalDataManager.swift in Sources */,
				53DE5994295F523F00DE0B6A /* MapPresenter.swift in Sources */,
			);
			runOnlyForDeploymentPostprocessing = 0;
		};
/* End PBXSourcesBuildPhase section */

/* Begin PBXVariantGroup section */
		53095B71295F21020092FDFA /* LaunchScreen.storyboard */ = {
			isa = PBXVariantGroup;
			children = (
				53095B72295F21020092FDFA /* Base */,
			);
			name = LaunchScreen.storyboard;
			sourceTree = "<group>";
		};
/* End PBXVariantGroup section */

/* Begin XCBuildConfiguration section */
		53095B75295F21020092FDFA /* Debug */ = {
			isa = XCBuildConfiguration;
			buildSettings = {
				ALWAYS_SEARCH_USER_PATHS = NO;
				CLANG_ANALYZER_NONNULL = YES;
				CLANG_ANALYZER_NUMBER_OBJECT_CONVERSION = YES_AGGRESSIVE;
				CLANG_CXX_LANGUAGE_STANDARD = "gnu++20";
				CLANG_ENABLE_MODULES = YES;
				CLANG_ENABLE_OBJC_ARC = YES;
				CLANG_ENABLE_OBJC_WEAK = YES;
				CLANG_WARN_BLOCK_CAPTURE_AUTORELEASING = YES;
				CLANG_WARN_BOOL_CONVERSION = YES;
				CLANG_WARN_COMMA = YES;
				CLANG_WARN_CONSTANT_CONVERSION = YES;
				CLANG_WARN_DEPRECATED_OBJC_IMPLEMENTATIONS = YES;
				CLANG_WARN_DIRECT_OBJC_ISA_USAGE = YES_ERROR;
				CLANG_WARN_DOCUMENTATION_COMMENTS = YES;
				CLANG_WARN_EMPTY_BODY = YES;
				CLANG_WARN_ENUM_CONVERSION = YES;
				CLANG_WARN_INFINITE_RECURSION = YES;
				CLANG_WARN_INT_CONVERSION = YES;
				CLANG_WARN_NON_LITERAL_NULL_CONVERSION = YES;
				CLANG_WARN_OBJC_IMPLICIT_RETAIN_SELF = YES;
				CLANG_WARN_OBJC_LITERAL_CONVERSION = YES;
				CLANG_WARN_OBJC_ROOT_CLASS = YES_ERROR;
				CLANG_WARN_QUOTED_INCLUDE_IN_FRAMEWORK_HEADER = YES;
				CLANG_WARN_RANGE_LOOP_ANALYSIS = YES;
				CLANG_WARN_STRICT_PROTOTYPES = YES;
				CLANG_WARN_SUSPICIOUS_MOVE = YES;
				CLANG_WARN_UNGUARDED_AVAILABILITY = YES_AGGRESSIVE;
				CLANG_WARN_UNREACHABLE_CODE = YES;
				CLANG_WARN__DUPLICATE_METHOD_MATCH = YES;
				COPY_PHASE_STRIP = NO;
				DEBUG_INFORMATION_FORMAT = dwarf;
				ENABLE_STRICT_OBJC_MSGSEND = YES;
				ENABLE_TESTABILITY = YES;
				GCC_C_LANGUAGE_STANDARD = gnu11;
				GCC_DYNAMIC_NO_PIC = NO;
				GCC_NO_COMMON_BLOCKS = YES;
				GCC_OPTIMIZATION_LEVEL = 0;
				GCC_PREPROCESSOR_DEFINITIONS = (
					"DEBUG=1",
					"$(inherited)",
				);
				GCC_WARN_64_TO_32_BIT_CONVERSION = YES;
				GCC_WARN_ABOUT_RETURN_TYPE = YES_ERROR;
				GCC_WARN_UNDECLARED_SELECTOR = YES;
				GCC_WARN_UNINITIALIZED_AUTOS = YES_AGGRESSIVE;
				GCC_WARN_UNUSED_FUNCTION = YES;
				GCC_WARN_UNUSED_VARIABLE = YES;
				IPHONEOS_DEPLOYMENT_TARGET = 16.2;
				MTL_ENABLE_DEBUG_INFO = INCLUDE_SOURCE;
				MTL_FAST_MATH = YES;
				ONLY_ACTIVE_ARCH = YES;
				SDKROOT = iphoneos;
				SWIFT_ACTIVE_COMPILATION_CONDITIONS = DEBUG;
				SWIFT_OPTIMIZATION_LEVEL = "-Onone";
			};
			name = Debug;
		};
		53095B76295F21020092FDFA /* Release */ = {
			isa = XCBuildConfiguration;
			buildSettings = {
				ALWAYS_SEARCH_USER_PATHS = NO;
				CLANG_ANALYZER_NONNULL = YES;
				CLANG_ANALYZER_NUMBER_OBJECT_CONVERSION = YES_AGGRESSIVE;
				CLANG_CXX_LANGUAGE_STANDARD = "gnu++20";
				CLANG_ENABLE_MODULES = YES;
				CLANG_ENABLE_OBJC_ARC = YES;
				CLANG_ENABLE_OBJC_WEAK = YES;
				CLANG_WARN_BLOCK_CAPTURE_AUTORELEASING = YES;
				CLANG_WARN_BOOL_CONVERSION = YES;
				CLANG_WARN_COMMA = YES;
				CLANG_WARN_CONSTANT_CONVERSION = YES;
				CLANG_WARN_DEPRECATED_OBJC_IMPLEMENTATIONS = YES;
				CLANG_WARN_DIRECT_OBJC_ISA_USAGE = YES_ERROR;
				CLANG_WARN_DOCUMENTATION_COMMENTS = YES;
				CLANG_WARN_EMPTY_BODY = YES;
				CLANG_WARN_ENUM_CONVERSION = YES;
				CLANG_WARN_INFINITE_RECURSION = YES;
				CLANG_WARN_INT_CONVERSION = YES;
				CLANG_WARN_NON_LITERAL_NULL_CONVERSION = YES;
				CLANG_WARN_OBJC_IMPLICIT_RETAIN_SELF = YES;
				CLANG_WARN_OBJC_LITERAL_CONVERSION = YES;
				CLANG_WARN_OBJC_ROOT_CLASS = YES_ERROR;
				CLANG_WARN_QUOTED_INCLUDE_IN_FRAMEWORK_HEADER = YES;
				CLANG_WARN_RANGE_LOOP_ANALYSIS = YES;
				CLANG_WARN_STRICT_PROTOTYPES = YES;
				CLANG_WARN_SUSPICIOUS_MOVE = YES;
				CLANG_WARN_UNGUARDED_AVAILABILITY = YES_AGGRESSIVE;
				CLANG_WARN_UNREACHABLE_CODE = YES;
				CLANG_WARN__DUPLICATE_METHOD_MATCH = YES;
				COPY_PHASE_STRIP = NO;
				DEBUG_INFORMATION_FORMAT = "dwarf-with-dsym";
				ENABLE_NS_ASSERTIONS = NO;
				ENABLE_STRICT_OBJC_MSGSEND = YES;
				GCC_C_LANGUAGE_STANDARD = gnu11;
				GCC_NO_COMMON_BLOCKS = YES;
				GCC_WARN_64_TO_32_BIT_CONVERSION = YES;
				GCC_WARN_ABOUT_RETURN_TYPE = YES_ERROR;
				GCC_WARN_UNDECLARED_SELECTOR = YES;
				GCC_WARN_UNINITIALIZED_AUTOS = YES_AGGRESSIVE;
				GCC_WARN_UNUSED_FUNCTION = YES;
				GCC_WARN_UNUSED_VARIABLE = YES;
				IPHONEOS_DEPLOYMENT_TARGET = 16.2;
				MTL_ENABLE_DEBUG_INFO = NO;
				MTL_FAST_MATH = YES;
				SDKROOT = iphoneos;
				SWIFT_COMPILATION_MODE = wholemodule;
				SWIFT_OPTIMIZATION_LEVEL = "-O";
				VALIDATE_PRODUCT = YES;
			};
			name = Release;
		};
		53095B78295F21020092FDFA /* Debug */ = {
			isa = XCBuildConfiguration;
			buildSettings = {
				ASSETCATALOG_COMPILER_APPICON_NAME = AppIcon;
				ASSETCATALOG_COMPILER_GLOBAL_ACCENT_COLOR_NAME = AccentColor;
				CODE_SIGN_STYLE = Automatic;
				CURRENT_PROJECT_VERSION = 1;
				DEVELOPMENT_TEAM = 8395HM2DQS;
				GENERATE_INFOPLIST_FILE = YES;
				INFOPLIST_FILE = "Geo Pinner/Info.plist";
				INFOPLIST_KEY_UIApplicationSupportsIndirectInputEvents = YES;
				INFOPLIST_KEY_UILaunchStoryboardName = LaunchScreen;
				INFOPLIST_KEY_UISupportedInterfaceOrientations_iPad = "UIInterfaceOrientationPortrait UIInterfaceOrientationPortraitUpsideDown UIInterfaceOrientationLandscapeLeft UIInterfaceOrientationLandscapeRight";
				INFOPLIST_KEY_UISupportedInterfaceOrientations_iPhone = "UIInterfaceOrientationPortrait UIInterfaceOrientationLandscapeLeft UIInterfaceOrientationLandscapeRight";
				LD_RUNPATH_SEARCH_PATHS = (
					"$(inherited)",
					"@executable_path/Frameworks",
				);
				MARKETING_VERSION = 1.0;
				PRODUCT_BUNDLE_IDENTIFIER = "com.GabrielCastilloSerafim.Geo-Pinner";
				PRODUCT_NAME = "$(TARGET_NAME)";
				SUPPORTED_PLATFORMS = "iphoneos iphonesimulator";
				SUPPORTS_MACCATALYST = NO;
				SUPPORTS_MAC_DESIGNED_FOR_IPHONE_IPAD = NO;
				SWIFT_EMIT_LOC_STRINGS = YES;
				SWIFT_VERSION = 5.0;
				TARGETED_DEVICE_FAMILY = 1;
			};
			name = Debug;
		};
		53095B79295F21020092FDFA /* Release */ = {
			isa = XCBuildConfiguration;
			buildSettings = {
				ASSETCATALOG_COMPILER_APPICON_NAME = AppIcon;
				ASSETCATALOG_COMPILER_GLOBAL_ACCENT_COLOR_NAME = AccentColor;
				CODE_SIGN_STYLE = Automatic;
				CURRENT_PROJECT_VERSION = 1;
				DEVELOPMENT_TEAM = 8395HM2DQS;
				GENERATE_INFOPLIST_FILE = YES;
				INFOPLIST_FILE = "Geo Pinner/Info.plist";
				INFOPLIST_KEY_UIApplicationSupportsIndirectInputEvents = YES;
				INFOPLIST_KEY_UILaunchStoryboardName = LaunchScreen;
				INFOPLIST_KEY_UISupportedInterfaceOrientations_iPad = "UIInterfaceOrientationPortrait UIInterfaceOrientationPortraitUpsideDown UIInterfaceOrientationLandscapeLeft UIInterfaceOrientationLandscapeRight";
				INFOPLIST_KEY_UISupportedInterfaceOrientations_iPhone = "UIInterfaceOrientationPortrait UIInterfaceOrientationLandscapeLeft UIInterfaceOrientationLandscapeRight";
				LD_RUNPATH_SEARCH_PATHS = (
					"$(inherited)",
					"@executable_path/Frameworks",
				);
				MARKETING_VERSION = 1.0;
				PRODUCT_BUNDLE_IDENTIFIER = "com.GabrielCastilloSerafim.Geo-Pinner";
				PRODUCT_NAME = "$(TARGET_NAME)";
				SUPPORTED_PLATFORMS = "iphoneos iphonesimulator";
				SUPPORTS_MACCATALYST = NO;
				SUPPORTS_MAC_DESIGNED_FOR_IPHONE_IPAD = NO;
				SWIFT_EMIT_LOC_STRINGS = YES;
				SWIFT_VERSION = 5.0;
				TARGETED_DEVICE_FAMILY = 1;
			};
			name = Release;
		};
/* End XCBuildConfiguration section */

/* Begin XCConfigurationList section */
		53095B5E295F20F90092FDFA /* Build configuration list for PBXProject "Geo Pinner" */ = {
			isa = XCConfigurationList;
			buildConfigurations = (
				53095B75295F21020092FDFA /* Debug */,
				53095B76295F21020092FDFA /* Release */,
			);
			defaultConfigurationIsVisible = 0;
			defaultConfigurationName = Release;
		};
		53095B77295F21020092FDFA /* Build configuration list for PBXNativeTarget "Geo Pinner" */ = {
			isa = XCConfigurationList;
			buildConfigurations = (
				53095B78295F21020092FDFA /* Debug */,
				53095B79295F21020092FDFA /* Release */,
			);
			defaultConfigurationIsVisible = 0;
			defaultConfigurationName = Release;
		};
/* End XCConfigurationList section */
	};
	rootObject = 53095B5B295F20F90092FDFA /* Project object */;
}
